# THIS IS AN AUTOGENERATED FILE. DO NOT EDIT THIS FILE DIRECTLY.
# yarn lockfile v1

"treebeard@git://github.com/CenterForOpenScience/treebeard.git#d2bb8f6f8104fcac040402727f431c26722b269e":
  version "0.6.1"
  resolved "git://github.com/CenterForOpenScience/treebeard.git#d2bb8f6f8104fcac040402727f431c26722b269e"
  dependencies:
    bootstrap "~3.3.2"
    jquery ">=1.11.0"
    jquery-ui ">=1.10.4"
    mithril ">=0.2"
